
Microsoft Visual Studio Solution File, Format Version 12.00
# Visual Studio Version 16
VisualStudioVersion = 16.0.29503.13
MinimumVisualStudioVersion = 10.0.40219.1
Project("{9A19103F-16F7-4668-BE54-9A1E7A4F7556}") = "Abstractfactory", "Abstractfactory\Abstractfactory.csproj", "{C3F08642-AACF-403A-BE6B-70820A3B26DE}"
EndProject
Project("{9A19103F-16F7-4668-BE54-9A1E7A4F7556}") = "Decorator", "Decorator\Decorator.csproj", "{211C1150-2031-411E-9F3F-3C3D5601D632}"
EndProject
Project("{9A19103F-16F7-4668-BE54-9A1E7A4F7556}") = "Composite", "Composite\Composite.csproj", "{98DC7789-BB7C-4128-BBDC-A2FA0D24919E}"
EndProject
Project("{2150E333-8FDC-42A3-9474-1A3956D46DE8}") = "3 Patterns", "3 Patterns", "{338E6285-D80A-4683-96F6-62F4E45E7EFE}"
EndProject
Project("{FAE04EC0-301F-11D3-BF4B-00C04F79EFBC}") = "Start", "Start\Start.csproj", "{BED52807-8D3D-472F-AEDA-64A54BCA3E1C}"
EndProject
Project("{FAE04EC0-301F-11D3-BF4B-00C04F79EFBC}") = "AssemblyCar", "AssemblyCar1\AssemblyCar.csproj", "{E2A8334E-660E-44E5-83C7-694C74DB71CC}"
EndProject
Project("{FAE04EC0-301F-11D3-BF4B-00C04F79EFBC}") = "Manufacture", "Manufacture1\Manufacture.csproj", "{B0153591-BDE4-4ABA-BFD5-819AB6FB6D58}"
EndProject
Global
	GlobalSection(SolutionConfigurationPlatforms) = preSolution
		Debug|Any CPU = Debug|Any CPU
		Release|Any CPU = Release|Any CPU
	EndGlobalSection
	GlobalSection(ProjectConfigurationPlatforms) = postSolution
		{C3F08642-AACF-403A-BE6B-70820A3B26DE}.Debug|Any CPU.ActiveCfg = Debug|Any CPU
		{C3F08642-AACF-403A-BE6B-70820A3B26DE}.Debug|Any CPU.Build.0 = Debug|Any CPU
		{C3F08642-AACF-403A-BE6B-70820A3B26DE}.Release|Any CPU.ActiveCfg = Release|Any CPU
		{C3F08642-AACF-403A-BE6B-70820A3B26DE}.Release|Any CPU.Build.0 = Release|Any CPU
		{211C1150-2031-411E-9F3F-3C3D5601D632}.Debug|Any CPU.ActiveCfg = Debug|Any CPU
		{211C1150-2031-411E-9F3F-3C3D5601D632}.Debug|Any CPU.Build.0 = Debug|Any CPU
		{211C1150-2031-411E-9F3F-3C3D5601D632}.Release|Any CPU.ActiveCfg = Release|Any CPU
		{211C1150-2031-411E-9F3F-3C3D5601D632}.Release|Any CPU.Build.0 = Release|Any CPU
		{98DC7789-BB7C-4128-BBDC-A2FA0D24919E}.Debug|Any CPU.ActiveCfg = Debug|Any CPU
		{98DC7789-BB7C-4128-BBDC-A2FA0D24919E}.Debug|Any CPU.Build.0 = Debug|Any CPU
		{98DC7789-BB7C-4128-BBDC-A2FA0D24919E}.Release|Any CPU.ActiveCfg = Release|Any CPU
		{98DC7789-BB7C-4128-BBDC-A2FA0D24919E}.Release|Any CPU.Build.0 = Release|Any CPU
		{BED52807-8D3D-472F-AEDA-64A54BCA3E1C}.Debug|Any CPU.ActiveCfg = Debug|Any CPU
		{BED52807-8D3D-472F-AEDA-64A54BCA3E1C}.Debug|Any CPU.Build.0 = Debug|Any CPU
		{BED52807-8D3D-472F-AEDA-64A54BCA3E1C}.Release|Any CPU.ActiveCfg = Release|Any CPU
		{BED52807-8D3D-472F-AEDA-64A54BCA3E1C}.Release|Any CPU.Build.0 = Release|Any CPU
		{E2A8334E-660E-44E5-83C7-694C74DB71CC}.Debug|Any CPU.ActiveCfg = Debug|Any CPU
		{E2A8334E-660E-44E5-83C7-694C74DB71CC}.Debug|Any CPU.Build.0 = Debug|Any CPU
		{E2A8334E-660E-44E5-83C7-694C74DB71CC}.Release|Any CPU.ActiveCfg = Release|Any CPU
		{E2A8334E-660E-44E5-83C7-694C74DB71CC}.Release|Any CPU.Build.0 = Release|Any CPU
		{B0153591-BDE4-4ABA-BFD5-819AB6FB6D58}.Debug|Any CPU.ActiveCfg = Debug|Any CPU
		{B0153591-BDE4-4ABA-BFD5-819AB6FB6D58}.Debug|Any CPU.Build.0 = Debug|Any CPU
		{B0153591-BDE4-4ABA-BFD5-819AB6FB6D58}.Release|Any CPU.ActiveCfg = Release|Any CPU
		{B0153591-BDE4-4ABA-BFD5-819AB6FB6D58}.Release|Any CPU.Build.0 = Release|Any CPU
	EndGlobalSection
	GlobalSection(SolutionProperties) = preSolution
		HideSolutionNode = FALSE
	EndGlobalSection
	GlobalSection(NestedProjects) = preSolution
		{C3F08642-AACF-403A-BE6B-70820A3B26DE} = {338E6285-D80A-4683-96F6-62F4E45E7EFE}
		{211C1150-2031-411E-9F3F-3C3D5601D632} = {338E6285-D80A-4683-96F6-62F4E45E7EFE}
		{98DC7789-BB7C-4128-BBDC-A2FA0D24919E} = {338E6285-D80A-4683-96F6-62F4E45E7EFE}
	EndGlobalSection
	GlobalSection(ExtensibilityGlobals) = postSolution
		SolutionGuid = {FC6D2B39-14D2-4400-886C-C8ECEC7D56D5}
	EndGlobalSection
EndGlobal
